{
  "name": "@lukekaalim/terraform-plugin-sdk",
  "version": "3.0.3",
  "lockfileVersion": 1,
  "requires": true,
  "dependencies": {
    "@grpc/grpc-js": {
      "version": "1.0.5",
      "resolved": "https://registry.npmjs.org/@grpc/grpc-js/-/grpc-js-1.0.5.tgz",
      "integrity": "sha512-Hm+xOiqAhcpT9RYM8lc15dbQD7aQurM7ZU8ulmulepiPlN7iwBXXwP3vSBUimoFoApRqz7pSIisXU8pZaCB4og==",
      "requires": {
        "semver": "^6.2.0"
      }
    },
    "@grpc/proto-loader": {
      "version": "0.5.4",
      "resolved": "https://registry.npmjs.org/@grpc/proto-loader/-/proto-loader-0.5.4.tgz",
      "integrity": "sha512-HTM4QpI9B2XFkPz7pjwMyMgZchJ93TVkL3kWPW8GDMDKYxsMnmf4w2TNMJK7+KNiYHS5cJrCEAFlF+AwtXWVPA==",
      "requires": {
        "lodash.camelcase": "^4.3.0",
        "protobufjs": "^6.8.6"
      }
    },
    "@protobufjs/aspromise": {
      "version": "1.1.2",
      "resolved": "https://registry.npmjs.org/@protobufjs/aspromise/-/aspromise-1.1.2.tgz",
      "integrity": "sha1-m4sMxmPWaafY9vXQiToU00jzD78="
    },
    "@protobufjs/base64": {
      "version": "1.1.2",
      "resolved": "https://registry.npmjs.org/@protobufjs/base64/-/base64-1.1.2.tgz",
      "integrity": "sha512-AZkcAA5vnN/v4PDqKyMR5lx7hZttPDgClv83E//FMNhR2TMcLUhfRUBHCmSl0oi9zMgDDqRUJkSxO3wm85+XLg=="
    },
    "@protobufjs/codegen": {
      "version": "2.0.4",
      "resolved": "https://registry.npmjs.org/@protobufjs/codegen/-/codegen-2.0.4.tgz",
      "integrity": "sha512-YyFaikqM5sH0ziFZCN3xDC7zeGaB/d0IUb9CATugHWbd1FRFwWwt4ld4OYMPWu5a3Xe01mGAULCdqhMlPl29Jg=="
    },
    "@protobufjs/eventemitter": {
      "version": "1.1.0",
      "resolved": "https://registry.npmjs.org/@protobufjs/eventemitter/-/eventemitter-1.1.0.tgz",
      "integrity": "sha1-NVy8mLr61ZePntCV85diHx0Ga3A="
    },
    "@protobufjs/fetch": {
      "version": "1.1.0",
      "resolved": "https://registry.npmjs.org/@protobufjs/fetch/-/fetch-1.1.0.tgz",
      "integrity": "sha1-upn7WYYUr2VwDBYZ/wbUVLDYTEU=",
      "requires": {
        "@protobufjs/aspromise": "^1.1.1",
        "@protobufjs/inquire": "^1.1.0"
      }
    },
    "@protobufjs/float": {
      "version": "1.0.2",
      "resolved": "https://registry.npmjs.org/@protobufjs/float/-/float-1.0.2.tgz",
      "integrity": "sha1-Xp4avctz/Ap8uLKR33jIy9l7h9E="
    },
    "@protobufjs/inquire": {
      "version": "1.1.0",
      "resolved": "https://registry.npmjs.org/@protobufjs/inquire/-/inquire-1.1.0.tgz",
      "integrity": "sha1-/yAOPnzyQp4tyvwRQIKOjMY48Ik="
    },
    "@protobufjs/path": {
      "version": "1.1.2",
      "resolved": "https://registry.npmjs.org/@protobufjs/path/-/path-1.1.2.tgz",
      "integrity": "sha1-bMKyDFya1q0NzP0hynZz2Nf79o0="
    },
    "@protobufjs/pool": {
      "version": "1.1.0",
      "resolved": "https://registry.npmjs.org/@protobufjs/pool/-/pool-1.1.0.tgz",
      "integrity": "sha1-Cf0V8tbTq/qbZbw2ZQbWrXhG/1Q="
    },
    "@protobufjs/utf8": {
      "version": "1.1.0",
      "resolved": "https://registry.npmjs.org/@protobufjs/utf8/-/utf8-1.1.0.tgz",
      "integrity": "sha1-p3c2C1s5oaLlEG+OhY8v0tBgxXA="
    },
    "@types/long": {
      "version": "4.0.1",
      "resolved": "https://registry.npmjs.org/@types/long/-/long-4.0.1.tgz",
      "integrity": "sha512-5tXH6Bx/kNGd3MgffdmP4dy2Z+G4eaXw0SE81Tq3BNadtnMR5/ySMzX4SLEzHJzSmPNn4HIdpQsBvXMUykr58w=="
    },
    "@types/node": {
      "version": "13.13.12",
      "resolved": "https://registry.npmjs.org/@types/node/-/node-13.13.12.tgz",
      "integrity": "sha512-zWz/8NEPxoXNT9YyF2osqyA9WjssZukYpgI4UYZpOjcyqwIUqWGkcCionaEb9Ki+FULyPyvNFpg/329Kd2/pbw=="
    },
    "charenc": {
      "version": "0.0.2",
      "resolved": "https://registry.npmjs.org/charenc/-/charenc-0.0.2.tgz",
      "integrity": "sha1-wKHS86cJLgN3S/qD8UwPxXkKhmc="
    },
    "crypt": {
      "version": "0.0.2",
      "resolved": "https://registry.npmjs.org/crypt/-/crypt-0.0.2.tgz",
      "integrity": "sha1-iNf/fsDfuG9xPch7u0LQRNPmxBs="
    },
    "es6-promisify": {
      "version": "6.0.2",
      "resolved": "https://registry.npmjs.org/es6-promisify/-/es6-promisify-6.0.2.tgz",
      "integrity": "sha512-eO6vFm0JvqGzjWIQA6QVKjxpmELfhWbDUWHm1rPfIbn55mhKPiAa5xpLmQWJrNa629ZIeQ8ZvMAi13kvrjK6Mg=="
    },
    "event-lite": {
      "version": "0.1.2",
      "resolved": "https://registry.npmjs.org/event-lite/-/event-lite-0.1.2.tgz",
      "integrity": "sha512-HnSYx1BsJ87/p6swwzv+2v6B4X+uxUteoDfRxsAb1S1BePzQqOLevVmkdA15GHJVd9A9Ok6wygUR18Hu0YeV9g=="
    },
    "ieee754": {
      "version": "1.1.13",
      "resolved": "https://registry.npmjs.org/ieee754/-/ieee754-1.1.13.tgz",
      "integrity": "sha512-4vf7I2LYV/HaWerSo3XmlMkp5eZ83i+/CDluXi/IGTs/O1sejBNhTtnxzmRZfvOUqj7lZjqHkeTvpgSFDlWZTg=="
    },
    "int64-buffer": {
      "version": "0.1.10",
      "resolved": "https://registry.npmjs.org/int64-buffer/-/int64-buffer-0.1.10.tgz",
      "integrity": "sha1-J3siiofZWtd30HwTgyAiQGpHNCM="
    },
    "is-buffer": {
      "version": "1.1.6",
      "resolved": "https://registry.npmjs.org/is-buffer/-/is-buffer-1.1.6.tgz",
      "integrity": "sha512-NcdALwpXkTm5Zvvbk7owOUSvVvBKDgKP5/ewfXEznmQFfs4ZRmanOeKBTjRVjka3QFoN6XJ+9F3USqfHqTaU5w=="
    },
    "isarray": {
      "version": "1.0.0",
      "resolved": "https://registry.npmjs.org/isarray/-/isarray-1.0.0.tgz",
      "integrity": "sha1-u5NdSFgsuhaMBoNJV6VKPgcSTxE="
    },
    "isexe": {
      "version": "2.0.0",
      "resolved": "https://registry.npmjs.org/isexe/-/isexe-2.0.0.tgz",
      "integrity": "sha1-6PvzdNxVb/iUehDcsFctYz8s+hA="
    },
    "lodash.camelcase": {
      "version": "4.3.0",
      "resolved": "https://registry.npmjs.org/lodash.camelcase/-/lodash.camelcase-4.3.0.tgz",
      "integrity": "sha1-soqmKIorn8ZRA1x3EfZathkDMaY="
    },
    "long": {
      "version": "4.0.0",
      "resolved": "https://registry.npmjs.org/long/-/long-4.0.0.tgz",
      "integrity": "sha512-XsP+KhQif4bjX1kbuSiySJFNAehNxgLb6hPRGJ9QsUr8ajHkuXGdrHmFUTUUXhDwVX2R5bY4JNZEwbUiMhV+MA=="
    },
    "md5": {
      "version": "2.2.1",
      "resolved": "https://registry.npmjs.org/md5/-/md5-2.2.1.tgz",
      "integrity": "sha1-U6s41f48iJG6RlMp6iP6wFQBJvk=",
      "requires": {
        "charenc": "~0.0.1",
        "crypt": "~0.0.1",
        "is-buffer": "~1.1.1"
      }
    },
    "msgpack-lite": {
      "version": "0.1.26",
      "resolved": "https://registry.npmjs.org/msgpack-lite/-/msgpack-lite-0.1.26.tgz",
      "integrity": "sha1-3TxQsm8FnyXn7e42REGDWOKprYk=",
      "requires": {
        "event-lite": "^0.1.1",
        "ieee754": "^1.1.8",
        "int64-buffer": "^0.1.9",
        "isarray": "^1.0.0"
      }
    },
    "os-tmpdir": {
      "version": "1.0.2",
      "resolved": "https://registry.npmjs.org/os-tmpdir/-/os-tmpdir-1.0.2.tgz",
      "integrity": "sha1-u+Z0BseaqFxc/sdm/lc0VV36EnQ="
    },
    "pem": {
      "version": "1.14.4",
      "resolved": "https://registry.npmjs.org/pem/-/pem-1.14.4.tgz",
      "integrity": "sha512-v8lH3NpirgiEmbOqhx0vwQTxwi0ExsiWBGYh0jYNq7K6mQuO4gI6UEFlr6fLAdv9TPXRt6GqiwE37puQdIDS8g==",
      "requires": {
        "es6-promisify": "^6.0.0",
        "md5": "^2.2.1",
        "os-tmpdir": "^1.0.1",
        "which": "^2.0.2"
      }
    },
    "protobufjs": {
      "version": "6.9.0",
      "resolved": "https://registry.npmjs.org/protobufjs/-/protobufjs-6.9.0.tgz",
      "integrity": "sha512-LlGVfEWDXoI/STstRDdZZKb/qusoAWUnmLg9R8OLSO473mBLWHowx8clbX5/+mKDEI+v7GzjoK9tRPZMMcoTrg==",
      "requires": {
        "@protobufjs/aspromise": "^1.1.2",
        "@protobufjs/base64": "^1.1.2",
        "@protobufjs/codegen": "^2.0.4",
        "@protobufjs/eventemitter": "^1.1.0",
        "@protobufjs/fetch": "^1.1.0",
        "@protobufjs/float": "^1.0.2",
        "@protobufjs/inquire": "^1.1.0",
        "@protobufjs/path": "^1.1.2",
        "@protobufjs/pool": "^1.1.0",
        "@protobufjs/utf8": "^1.1.0",
        "@types/long": "^4.0.1",
        "@types/node": "^13.7.0",
        "long": "^4.0.0"
      }
    },
    "semver": {
      "version": "6.3.0",
      "resolved": "https://registry.npmjs.org/semver/-/semver-6.3.0.tgz",
      "integrity": "sha512-b39TBaTSfV6yBrapU89p5fKekE2m/NwnDocOVruQFS1/veMgdzuPcnOM34M6CwxW8jH/lxEa5rBoDeUwu5HHTw=="
    },
    "which": {
      "version": "2.0.2",
      "resolved": "https://registry.npmjs.org/which/-/which-2.0.2.tgz",
      "integrity": "sha512-BLI3Tl1TW3Pvl70l3yq3Y64i+awpwXqsGBYWkkqMtnbXgrMD+yj7rhW0kuEDxzJaYXGjEW5ogapKNMEKNMjibA==",
      "requires": {
        "isexe": "^2.0.0"
      }
    }
  }
}
