{
  "name": "google-drive-provider",
  "version": "0.1.0",
  "lockfileVersion": 1,
  "requires": true,
  "dependencies": {
    "@lukekaalim/terraform-plugin-sdk": {
      "version": "file:../..",
      "requires": {
        "@grpc/grpc-js": "^1.0.5",
        "@grpc/proto-loader": "^0.5.4",
        "google-auth-library": "^6.0.1",
        "msgpack-lite": "^0.1.26",
        "pem": "^1.14.4"
      },
      "dependencies": {
        "@grpc/grpc-js": {
          "version": "1.0.5",
          "resolved": "https://registry.npmjs.org/@grpc/grpc-js/-/grpc-js-1.0.5.tgz",
          "integrity": "sha512-Hm+xOiqAhcpT9RYM8lc15dbQD7aQurM7ZU8ulmulepiPlN7iwBXXwP3vSBUimoFoApRqz7pSIisXU8pZaCB4og==",
          "requires": {
            "semver": "^6.2.0"
          }
        },
        "@grpc/proto-loader": {
          "version": "0.5.4",
          "resolved": "https://registry.npmjs.org/@grpc/proto-loader/-/proto-loader-0.5.4.tgz",
          "integrity": "sha512-HTM4QpI9B2XFkPz7pjwMyMgZchJ93TVkL3kWPW8GDMDKYxsMnmf4w2TNMJK7+KNiYHS5cJrCEAFlF+AwtXWVPA==",
          "requires": {
            "lodash.camelcase": "^4.3.0",
            "protobufjs": "^6.8.6"
          }
        },
        "@protobufjs/aspromise": {
          "version": "1.1.2",
          "resolved": "https://registry.npmjs.org/@protobufjs/aspromise/-/aspromise-1.1.2.tgz",
          "integrity": "sha1-m4sMxmPWaafY9vXQiToU00jzD78="
        },
        "@protobufjs/base64": {
          "version": "1.1.2",
          "resolved": "https://registry.npmjs.org/@protobufjs/base64/-/base64-1.1.2.tgz",
          "integrity": "sha512-AZkcAA5vnN/v4PDqKyMR5lx7hZttPDgClv83E//FMNhR2TMcLUhfRUBHCmSl0oi9zMgDDqRUJkSxO3wm85+XLg=="
        },
        "@protobufjs/codegen": {
          "version": "2.0.4",
          "resolved": "https://registry.npmjs.org/@protobufjs/codegen/-/codegen-2.0.4.tgz",
          "integrity": "sha512-YyFaikqM5sH0ziFZCN3xDC7zeGaB/d0IUb9CATugHWbd1FRFwWwt4ld4OYMPWu5a3Xe01mGAULCdqhMlPl29Jg=="
        },
        "@protobufjs/eventemitter": {
          "version": "1.1.0",
          "resolved": "https://registry.npmjs.org/@protobufjs/eventemitter/-/eventemitter-1.1.0.tgz",
          "integrity": "sha1-NVy8mLr61ZePntCV85diHx0Ga3A="
        },
        "@protobufjs/fetch": {
          "version": "1.1.0",
          "resolved": "https://registry.npmjs.org/@protobufjs/fetch/-/fetch-1.1.0.tgz",
          "integrity": "sha1-upn7WYYUr2VwDBYZ/wbUVLDYTEU=",
          "requires": {
            "@protobufjs/aspromise": "^1.1.1",
            "@protobufjs/inquire": "^1.1.0"
          }
        },
        "@protobufjs/float": {
          "version": "1.0.2",
          "resolved": "https://registry.npmjs.org/@protobufjs/float/-/float-1.0.2.tgz",
          "integrity": "sha1-Xp4avctz/Ap8uLKR33jIy9l7h9E="
        },
        "@protobufjs/inquire": {
          "version": "1.1.0",
          "resolved": "https://registry.npmjs.org/@protobufjs/inquire/-/inquire-1.1.0.tgz",
          "integrity": "sha1-/yAOPnzyQp4tyvwRQIKOjMY48Ik="
        },
        "@protobufjs/path": {
          "version": "1.1.2",
          "resolved": "https://registry.npmjs.org/@protobufjs/path/-/path-1.1.2.tgz",
          "integrity": "sha1-bMKyDFya1q0NzP0hynZz2Nf79o0="
        },
        "@protobufjs/pool": {
          "version": "1.1.0",
          "resolved": "https://registry.npmjs.org/@protobufjs/pool/-/pool-1.1.0.tgz",
          "integrity": "sha1-Cf0V8tbTq/qbZbw2ZQbWrXhG/1Q="
        },
        "@protobufjs/utf8": {
          "version": "1.1.0",
          "resolved": "https://registry.npmjs.org/@protobufjs/utf8/-/utf8-1.1.0.tgz",
          "integrity": "sha1-p3c2C1s5oaLlEG+OhY8v0tBgxXA="
        },
        "@types/long": {
          "version": "4.0.1",
          "resolved": "https://registry.npmjs.org/@types/long/-/long-4.0.1.tgz",
          "integrity": "sha512-5tXH6Bx/kNGd3MgffdmP4dy2Z+G4eaXw0SE81Tq3BNadtnMR5/ySMzX4SLEzHJzSmPNn4HIdpQsBvXMUykr58w=="
        },
        "@types/node": {
          "version": "13.13.12",
          "resolved": "https://registry.npmjs.org/@types/node/-/node-13.13.12.tgz",
          "integrity": "sha512-zWz/8NEPxoXNT9YyF2osqyA9WjssZukYpgI4UYZpOjcyqwIUqWGkcCionaEb9Ki+FULyPyvNFpg/329Kd2/pbw=="
        },
        "abort-controller": {
          "version": "3.0.0",
          "resolved": "https://registry.npmjs.org/abort-controller/-/abort-controller-3.0.0.tgz",
          "integrity": "sha512-h8lQ8tacZYnR3vNQTgibj+tODHI5/+l06Au2Pcriv/Gmet0eaj4TwWH41sO9wnHDiQsEj19q0drzdWdeAHtweg==",
          "requires": {
            "event-target-shim": "^5.0.0"
          }
        },
        "agent-base": {
          "version": "6.0.0",
          "resolved": "https://registry.npmjs.org/agent-base/-/agent-base-6.0.0.tgz",
          "integrity": "sha512-j1Q7cSCqN+AwrmDd+pzgqc0/NpC655x2bUf5ZjRIO77DcNBFmh+OgRNzF6OKdCC9RSCb19fGd99+bhXFdkRNqw==",
          "requires": {
            "debug": "4"
          }
        },
        "arrify": {
          "version": "2.0.1",
          "resolved": "https://registry.npmjs.org/arrify/-/arrify-2.0.1.tgz",
          "integrity": "sha512-3duEwti880xqi4eAMN8AyR4a0ByT90zoYdLlevfrvU43vb0YZwZVfxOgxWrLXXXpyugL0hNZc9G6BiB5B3nUug=="
        },
        "base64-js": {
          "version": "1.3.1",
          "resolved": "https://registry.npmjs.org/base64-js/-/base64-js-1.3.1.tgz",
          "integrity": "sha512-mLQ4i2QO1ytvGWFWmcngKO//JXAQueZvwEKtjgQFM4jIK0kU+ytMfplL8j+n5mspOfjHwoAg+9yhb7BwAHm36g=="
        },
        "bignumber.js": {
          "version": "7.2.1",
          "resolved": "https://registry.npmjs.org/bignumber.js/-/bignumber.js-7.2.1.tgz",
          "integrity": "sha512-S4XzBk5sMB+Rcb/LNcpzXr57VRTxgAvaAEDAl1AwRx27j00hT84O6OkteE7u8UB3NuaaygCRrEpqox4uDOrbdQ=="
        },
        "buffer-equal-constant-time": {
          "version": "1.0.1",
          "resolved": "https://registry.npmjs.org/buffer-equal-constant-time/-/buffer-equal-constant-time-1.0.1.tgz",
          "integrity": "sha1-+OcRMvf/5uAaXJaXpMbz5I1cyBk="
        },
        "charenc": {
          "version": "0.0.2",
          "resolved": "https://registry.npmjs.org/charenc/-/charenc-0.0.2.tgz",
          "integrity": "sha1-wKHS86cJLgN3S/qD8UwPxXkKhmc="
        },
        "crypt": {
          "version": "0.0.2",
          "resolved": "https://registry.npmjs.org/crypt/-/crypt-0.0.2.tgz",
          "integrity": "sha1-iNf/fsDfuG9xPch7u0LQRNPmxBs="
        },
        "debug": {
          "version": "4.1.1",
          "resolved": "https://registry.npmjs.org/debug/-/debug-4.1.1.tgz",
          "integrity": "sha512-pYAIzeRo8J6KPEaJ0VWOh5Pzkbw/RetuzehGM7QRRX5he4fPHx2rdKMB256ehJCkX+XRQm16eZLqLNS8RSZXZw==",
          "requires": {
            "ms": "^2.1.1"
          }
        },
        "ecdsa-sig-formatter": {
          "version": "1.0.11",
          "resolved": "https://registry.npmjs.org/ecdsa-sig-formatter/-/ecdsa-sig-formatter-1.0.11.tgz",
          "integrity": "sha512-nagl3RYrbNv6kQkeJIpt6NJZy8twLB/2vtz6yN9Z4vRKHN4/QZJIEbqohALSgwKdnksuY3k5Addp5lg8sVoVcQ==",
          "requires": {
            "safe-buffer": "^5.0.1"
          }
        },
        "es6-promisify": {
          "version": "6.0.2",
          "resolved": "https://registry.npmjs.org/es6-promisify/-/es6-promisify-6.0.2.tgz",
          "integrity": "sha512-eO6vFm0JvqGzjWIQA6QVKjxpmELfhWbDUWHm1rPfIbn55mhKPiAa5xpLmQWJrNa629ZIeQ8ZvMAi13kvrjK6Mg=="
        },
        "event-lite": {
          "version": "0.1.2",
          "resolved": "https://registry.npmjs.org/event-lite/-/event-lite-0.1.2.tgz",
          "integrity": "sha512-HnSYx1BsJ87/p6swwzv+2v6B4X+uxUteoDfRxsAb1S1BePzQqOLevVmkdA15GHJVd9A9Ok6wygUR18Hu0YeV9g=="
        },
        "event-target-shim": {
          "version": "5.0.1",
          "resolved": "https://registry.npmjs.org/event-target-shim/-/event-target-shim-5.0.1.tgz",
          "integrity": "sha512-i/2XbnSz/uxRCU6+NdVJgKWDTM427+MqYbkQzD321DuCQJUqOuJKIA0IM2+W2xtYHdKOmZ4dR6fExsd4SXL+WQ=="
        },
        "extend": {
          "version": "3.0.2",
          "resolved": "https://registry.npmjs.org/extend/-/extend-3.0.2.tgz",
          "integrity": "sha512-fjquC59cD7CyW6urNXK0FBufkZcoiGG80wTuPujX590cB5Ttln20E2UB4S/WARVqhXffZl2LNgS+gQdPIIim/g=="
        },
        "fast-text-encoding": {
          "version": "1.0.3",
          "resolved": "https://registry.npmjs.org/fast-text-encoding/-/fast-text-encoding-1.0.3.tgz",
          "integrity": "sha512-dtm4QZH9nZtcDt8qJiOH9fcQd1NAgi+K1O2DbE6GG1PPCK/BWfOH3idCTRQ4ImXRUOyopDEgDEnVEE7Y/2Wrig=="
        },
        "gaxios": {
          "version": "3.0.3",
          "resolved": "https://registry.npmjs.org/gaxios/-/gaxios-3.0.3.tgz",
          "integrity": "sha512-PkzQludeIFhd535/yucALT/Wxyj/y2zLyrMwPcJmnLHDugmV49NvAi/vb+VUq/eWztATZCNcb8ue+ywPG+oLuw==",
          "requires": {
            "abort-controller": "^3.0.0",
            "extend": "^3.0.2",
            "https-proxy-agent": "^5.0.0",
            "is-stream": "^2.0.0"
          }
        },
        "gcp-metadata": {
          "version": "4.1.0",
          "resolved": "https://registry.npmjs.org/gcp-metadata/-/gcp-metadata-4.1.0.tgz",
          "integrity": "sha512-r57SV28+olVsflPlKyVig3Muo/VDlcsObMtvDGOEtEJXj+DDE8bEl0coIkXh//hbkSDTvo+f5lbihZOndYXQQQ==",
          "requires": {
            "gaxios": "^3.0.0",
            "json-bigint": "^0.3.0"
          }
        },
        "google-auth-library": {
          "version": "6.0.1",
          "resolved": "https://registry.npmjs.org/google-auth-library/-/google-auth-library-6.0.1.tgz",
          "integrity": "sha512-NWEM9W0o+fmUJMK/wEuJ1vAc8H/JAseOWB8tjOAAkz8yobU+5IDtO/rPCbbRwFF1obIOCe0lj1pkq9ld2OFZeg==",
          "requires": {
            "arrify": "^2.0.0",
            "base64-js": "^1.3.0",
            "ecdsa-sig-formatter": "^1.0.11",
            "fast-text-encoding": "^1.0.0",
            "gaxios": "^3.0.0",
            "gcp-metadata": "^4.1.0",
            "gtoken": "^5.0.0",
            "jws": "^4.0.0",
            "lru-cache": "^5.0.0"
          }
        },
        "google-p12-pem": {
          "version": "3.0.1",
          "resolved": "https://registry.npmjs.org/google-p12-pem/-/google-p12-pem-3.0.1.tgz",
          "integrity": "sha512-VlQgtozgNVVVcYTXS36eQz4PXPt9gIPqLOhHN0QiV6W6h4qSCNVKPtKC5INtJsaHHF2r7+nOIa26MJeJMTaZEQ==",
          "requires": {
            "node-forge": "^0.9.0"
          }
        },
        "gtoken": {
          "version": "5.0.1",
          "resolved": "https://registry.npmjs.org/gtoken/-/gtoken-5.0.1.tgz",
          "integrity": "sha512-33w4FNDkUcyIOq/TqyC+drnKdI4PdXmWp9lZzssyEQKuvu9ZFN3KttaSnDKo52U3E51oujVGop93mKxmqO8HHg==",
          "requires": {
            "gaxios": "^3.0.0",
            "google-p12-pem": "^3.0.0",
            "jws": "^4.0.0",
            "mime": "^2.2.0"
          }
        },
        "https-proxy-agent": {
          "version": "5.0.0",
          "resolved": "https://registry.npmjs.org/https-proxy-agent/-/https-proxy-agent-5.0.0.tgz",
          "integrity": "sha512-EkYm5BcKUGiduxzSt3Eppko+PiNWNEpa4ySk9vTC6wDsQJW9rHSa+UhGNJoRYp7bz6Ht1eaRIa6QaJqO5rCFbA==",
          "requires": {
            "agent-base": "6",
            "debug": "4"
          }
        },
        "ieee754": {
          "version": "1.1.13",
          "resolved": "https://registry.npmjs.org/ieee754/-/ieee754-1.1.13.tgz",
          "integrity": "sha512-4vf7I2LYV/HaWerSo3XmlMkp5eZ83i+/CDluXi/IGTs/O1sejBNhTtnxzmRZfvOUqj7lZjqHkeTvpgSFDlWZTg=="
        },
        "int64-buffer": {
          "version": "0.1.10",
          "resolved": "https://registry.npmjs.org/int64-buffer/-/int64-buffer-0.1.10.tgz",
          "integrity": "sha1-J3siiofZWtd30HwTgyAiQGpHNCM="
        },
        "is-buffer": {
          "version": "1.1.6",
          "resolved": "https://registry.npmjs.org/is-buffer/-/is-buffer-1.1.6.tgz",
          "integrity": "sha512-NcdALwpXkTm5Zvvbk7owOUSvVvBKDgKP5/ewfXEznmQFfs4ZRmanOeKBTjRVjka3QFoN6XJ+9F3USqfHqTaU5w=="
        },
        "is-stream": {
          "version": "2.0.0",
          "resolved": "https://registry.npmjs.org/is-stream/-/is-stream-2.0.0.tgz",
          "integrity": "sha512-XCoy+WlUr7d1+Z8GgSuXmpuUFC9fOhRXglJMx+dwLKTkL44Cjd4W1Z5P+BQZpr+cR93aGP4S/s7Ftw6Nd/kiEw=="
        },
        "isarray": {
          "version": "1.0.0",
          "resolved": "https://registry.npmjs.org/isarray/-/isarray-1.0.0.tgz",
          "integrity": "sha1-u5NdSFgsuhaMBoNJV6VKPgcSTxE="
        },
        "isexe": {
          "version": "2.0.0",
          "resolved": "https://registry.npmjs.org/isexe/-/isexe-2.0.0.tgz",
          "integrity": "sha1-6PvzdNxVb/iUehDcsFctYz8s+hA="
        },
        "json-bigint": {
          "version": "0.3.0",
          "resolved": "https://registry.npmjs.org/json-bigint/-/json-bigint-0.3.0.tgz",
          "integrity": "sha1-DM2RLEuCcNBfBW+9E4FLU9OCWx4=",
          "requires": {
            "bignumber.js": "^7.0.0"
          }
        },
        "jwa": {
          "version": "2.0.0",
          "resolved": "https://registry.npmjs.org/jwa/-/jwa-2.0.0.tgz",
          "integrity": "sha512-jrZ2Qx916EA+fq9cEAeCROWPTfCwi1IVHqT2tapuqLEVVDKFDENFw1oL+MwrTvH6msKxsd1YTDVw6uKEcsrLEA==",
          "requires": {
            "buffer-equal-constant-time": "1.0.1",
            "ecdsa-sig-formatter": "1.0.11",
            "safe-buffer": "^5.0.1"
          }
        },
        "jws": {
          "version": "4.0.0",
          "resolved": "https://registry.npmjs.org/jws/-/jws-4.0.0.tgz",
          "integrity": "sha512-KDncfTmOZoOMTFG4mBlG0qUIOlc03fmzH+ru6RgYVZhPkyiy/92Owlt/8UEN+a4TXR1FQetfIpJE8ApdvdVxTg==",
          "requires": {
            "jwa": "^2.0.0",
            "safe-buffer": "^5.0.1"
          }
        },
        "lodash.camelcase": {
          "version": "4.3.0",
          "resolved": "https://registry.npmjs.org/lodash.camelcase/-/lodash.camelcase-4.3.0.tgz",
          "integrity": "sha1-soqmKIorn8ZRA1x3EfZathkDMaY="
        },
        "long": {
          "version": "4.0.0",
          "resolved": "https://registry.npmjs.org/long/-/long-4.0.0.tgz",
          "integrity": "sha512-XsP+KhQif4bjX1kbuSiySJFNAehNxgLb6hPRGJ9QsUr8ajHkuXGdrHmFUTUUXhDwVX2R5bY4JNZEwbUiMhV+MA=="
        },
        "lru-cache": {
          "version": "5.1.1",
          "resolved": "https://registry.npmjs.org/lru-cache/-/lru-cache-5.1.1.tgz",
          "integrity": "sha512-KpNARQA3Iwv+jTA0utUVVbrh+Jlrr1Fv0e56GGzAFOXN7dk/FviaDW8LHmK52DlcH4WP2n6gI8vN1aesBFgo9w==",
          "requires": {
            "yallist": "^3.0.2"
          }
        },
        "md5": {
          "version": "2.2.1",
          "resolved": "https://registry.npmjs.org/md5/-/md5-2.2.1.tgz",
          "integrity": "sha1-U6s41f48iJG6RlMp6iP6wFQBJvk=",
          "requires": {
            "charenc": "~0.0.1",
            "crypt": "~0.0.1",
            "is-buffer": "~1.1.1"
          }
        },
        "mime": {
          "version": "2.4.6",
          "resolved": "https://registry.npmjs.org/mime/-/mime-2.4.6.tgz",
          "integrity": "sha512-RZKhC3EmpBchfTGBVb8fb+RL2cWyw/32lshnsETttkBAyAUXSGHxbEJWWRXc751DrIxG1q04b8QwMbAwkRPpUA=="
        },
        "ms": {
          "version": "2.1.2",
          "resolved": "https://registry.npmjs.org/ms/-/ms-2.1.2.tgz",
          "integrity": "sha512-sGkPx+VjMtmA6MX27oA4FBFELFCZZ4S4XqeGOXCv68tT+jb3vk/RyaKWP0PTKyWtmLSM0b+adUTEvbs1PEaH2w=="
        },
        "msgpack-lite": {
          "version": "0.1.26",
          "resolved": "https://registry.npmjs.org/msgpack-lite/-/msgpack-lite-0.1.26.tgz",
          "integrity": "sha1-3TxQsm8FnyXn7e42REGDWOKprYk=",
          "requires": {
            "event-lite": "^0.1.1",
            "ieee754": "^1.1.8",
            "int64-buffer": "^0.1.9",
            "isarray": "^1.0.0"
          }
        },
        "node-forge": {
          "version": "0.9.1",
          "resolved": "https://registry.npmjs.org/node-forge/-/node-forge-0.9.1.tgz",
          "integrity": "sha512-G6RlQt5Sb4GMBzXvhfkeFmbqR6MzhtnT7VTHuLadjkii3rdYHNdw0m8zA4BTxVIh68FicCQ2NSUANpsqkr9jvQ=="
        },
        "os-tmpdir": {
          "version": "1.0.2",
          "resolved": "https://registry.npmjs.org/os-tmpdir/-/os-tmpdir-1.0.2.tgz",
          "integrity": "sha1-u+Z0BseaqFxc/sdm/lc0VV36EnQ="
        },
        "pem": {
          "version": "1.14.4",
          "resolved": "https://registry.npmjs.org/pem/-/pem-1.14.4.tgz",
          "integrity": "sha512-v8lH3NpirgiEmbOqhx0vwQTxwi0ExsiWBGYh0jYNq7K6mQuO4gI6UEFlr6fLAdv9TPXRt6GqiwE37puQdIDS8g==",
          "requires": {
            "es6-promisify": "^6.0.0",
            "md5": "^2.2.1",
            "os-tmpdir": "^1.0.1",
            "which": "^2.0.2"
          }
        },
        "protobufjs": {
          "version": "6.9.0",
          "resolved": "https://registry.npmjs.org/protobufjs/-/protobufjs-6.9.0.tgz",
          "integrity": "sha512-LlGVfEWDXoI/STstRDdZZKb/qusoAWUnmLg9R8OLSO473mBLWHowx8clbX5/+mKDEI+v7GzjoK9tRPZMMcoTrg==",
          "requires": {
            "@protobufjs/aspromise": "^1.1.2",
            "@protobufjs/base64": "^1.1.2",
            "@protobufjs/codegen": "^2.0.4",
            "@protobufjs/eventemitter": "^1.1.0",
            "@protobufjs/fetch": "^1.1.0",
            "@protobufjs/float": "^1.0.2",
            "@protobufjs/inquire": "^1.1.0",
            "@protobufjs/path": "^1.1.2",
            "@protobufjs/pool": "^1.1.0",
            "@protobufjs/utf8": "^1.1.0",
            "@types/long": "^4.0.1",
            "@types/node": "^13.7.0",
            "long": "^4.0.0"
          }
        },
        "safe-buffer": {
          "version": "5.2.1",
          "resolved": "https://registry.npmjs.org/safe-buffer/-/safe-buffer-5.2.1.tgz",
          "integrity": "sha512-rp3So07KcdmmKbGvgaNxQSJr7bGVSVk5S9Eq1F+ppbRo70+YeaDxkw5Dd8NPN+GD6bjnYm2VuPuCXmpuYvmCXQ=="
        },
        "semver": {
          "version": "6.3.0",
          "resolved": "https://registry.npmjs.org/semver/-/semver-6.3.0.tgz",
          "integrity": "sha512-b39TBaTSfV6yBrapU89p5fKekE2m/NwnDocOVruQFS1/veMgdzuPcnOM34M6CwxW8jH/lxEa5rBoDeUwu5HHTw=="
        },
        "which": {
          "version": "2.0.2",
          "resolved": "https://registry.npmjs.org/which/-/which-2.0.2.tgz",
          "integrity": "sha512-BLI3Tl1TW3Pvl70l3yq3Y64i+awpwXqsGBYWkkqMtnbXgrMD+yj7rhW0kuEDxzJaYXGjEW5ogapKNMEKNMjibA==",
          "requires": {
            "isexe": "^2.0.0"
          }
        },
        "yallist": {
          "version": "3.1.1",
          "resolved": "https://registry.npmjs.org/yallist/-/yallist-3.1.1.tgz",
          "integrity": "sha512-a4UGQaWPH59mOXUYnAG2ewncQS4i4F43Tv3JoAM+s2VDAmS9NsK8GpDMLrCHPksFT7h3K6TOoUNn2pb7RoXx4g=="
        }
      }
    },
    "abort-controller": {
      "version": "3.0.0",
      "resolved": "https://registry.npmjs.org/abort-controller/-/abort-controller-3.0.0.tgz",
      "integrity": "sha512-h8lQ8tacZYnR3vNQTgibj+tODHI5/+l06Au2Pcriv/Gmet0eaj4TwWH41sO9wnHDiQsEj19q0drzdWdeAHtweg==",
      "requires": {
        "event-target-shim": "^5.0.0"
      }
    },
    "agent-base": {
      "version": "4.3.0",
      "resolved": "https://registry.npmjs.org/agent-base/-/agent-base-4.3.0.tgz",
      "integrity": "sha512-salcGninV0nPrwpGNn4VTXBb1SOuXQBiqbrNXoeizJsHrsL6ERFM2Ne3JUSBWRE6aeNJI2ROP/WEEIDUiDe3cg==",
      "requires": {
        "es6-promisify": "^5.0.0"
      }
    },
    "base64-js": {
      "version": "1.3.1",
      "resolved": "https://registry.npmjs.org/base64-js/-/base64-js-1.3.1.tgz",
      "integrity": "sha512-mLQ4i2QO1ytvGWFWmcngKO//JXAQueZvwEKtjgQFM4jIK0kU+ytMfplL8j+n5mspOfjHwoAg+9yhb7BwAHm36g=="
    },
    "bignumber.js": {
      "version": "7.2.1",
      "resolved": "https://registry.npmjs.org/bignumber.js/-/bignumber.js-7.2.1.tgz",
      "integrity": "sha512-S4XzBk5sMB+Rcb/LNcpzXr57VRTxgAvaAEDAl1AwRx27j00hT84O6OkteE7u8UB3NuaaygCRrEpqox4uDOrbdQ=="
    },
    "buffer-equal-constant-time": {
      "version": "1.0.1",
      "resolved": "https://registry.npmjs.org/buffer-equal-constant-time/-/buffer-equal-constant-time-1.0.1.tgz",
      "integrity": "sha1-+OcRMvf/5uAaXJaXpMbz5I1cyBk="
    },
    "debug": {
      "version": "3.2.6",
      "resolved": "https://registry.npmjs.org/debug/-/debug-3.2.6.tgz",
      "integrity": "sha512-mel+jf7nrtEl5Pn1Qx46zARXKDpBbvzezse7p7LqINmdoIk8PYP5SySaxEmYv6TZ0JyEKA1hsCId6DIhgITtWQ==",
      "requires": {
        "ms": "^2.1.1"
      }
    },
    "ecdsa-sig-formatter": {
      "version": "1.0.11",
      "resolved": "https://registry.npmjs.org/ecdsa-sig-formatter/-/ecdsa-sig-formatter-1.0.11.tgz",
      "integrity": "sha512-nagl3RYrbNv6kQkeJIpt6NJZy8twLB/2vtz6yN9Z4vRKHN4/QZJIEbqohALSgwKdnksuY3k5Addp5lg8sVoVcQ==",
      "requires": {
        "safe-buffer": "^5.0.1"
      }
    },
    "es6-promise": {
      "version": "4.2.8",
      "resolved": "https://registry.npmjs.org/es6-promise/-/es6-promise-4.2.8.tgz",
      "integrity": "sha512-HJDGx5daxeIvxdBxvG2cb9g4tEvwIk3i8+nhX0yGrYmZUzbkdg8QbDevheDB8gd0//uPj4c1EQua8Q+MViT0/w=="
    },
    "es6-promisify": {
      "version": "5.0.0",
      "resolved": "https://registry.npmjs.org/es6-promisify/-/es6-promisify-5.0.0.tgz",
      "integrity": "sha1-UQnWLz5W6pZ8S2NQWu8IKRyKUgM=",
      "requires": {
        "es6-promise": "^4.0.3"
      }
    },
    "event-target-shim": {
      "version": "5.0.1",
      "resolved": "https://registry.npmjs.org/event-target-shim/-/event-target-shim-5.0.1.tgz",
      "integrity": "sha512-i/2XbnSz/uxRCU6+NdVJgKWDTM427+MqYbkQzD321DuCQJUqOuJKIA0IM2+W2xtYHdKOmZ4dR6fExsd4SXL+WQ=="
    },
    "extend": {
      "version": "3.0.2",
      "resolved": "https://registry.npmjs.org/extend/-/extend-3.0.2.tgz",
      "integrity": "sha512-fjquC59cD7CyW6urNXK0FBufkZcoiGG80wTuPujX590cB5Ttln20E2UB4S/WARVqhXffZl2LNgS+gQdPIIim/g=="
    },
    "fast-text-encoding": {
      "version": "1.0.2",
      "resolved": "https://registry.npmjs.org/fast-text-encoding/-/fast-text-encoding-1.0.2.tgz",
      "integrity": "sha512-5rQdinSsycpzvAoHga2EDn+LRX1d5xLFsuNG0Kg61JrAT/tASXcLL0nf/33v+sAxlQcfYmWbTURa1mmAf55jGw=="
    },
    "gaxios": {
      "version": "1.8.4",
      "resolved": "https://registry.npmjs.org/gaxios/-/gaxios-1.8.4.tgz",
      "integrity": "sha512-BoENMnu1Gav18HcpV9IleMPZ9exM+AvUjrAOV4Mzs/vfz2Lu/ABv451iEXByKiMPn2M140uul1txXCg83sAENw==",
      "requires": {
        "abort-controller": "^3.0.0",
        "extend": "^3.0.2",
        "https-proxy-agent": "^2.2.1",
        "node-fetch": "^2.3.0"
      }
    },
    "gcp-metadata": {
      "version": "1.0.0",
      "resolved": "https://registry.npmjs.org/gcp-metadata/-/gcp-metadata-1.0.0.tgz",
      "integrity": "sha512-Q6HrgfrCQeEircnNP3rCcEgiDv7eF9+1B+1MMgpE190+/+0mjQR8PxeOaRgxZWmdDAF9EIryHB9g1moPiw1SbQ==",
      "requires": {
        "gaxios": "^1.0.2",
        "json-bigint": "^0.3.0"
      }
    },
    "google-auth-library": {
      "version": "3.1.2",
      "resolved": "https://registry.npmjs.org/google-auth-library/-/google-auth-library-3.1.2.tgz",
      "integrity": "sha512-cDQMzTotwyWMrg5jRO7q0A4TL/3GWBgO7I7q5xGKNiiFf9SmGY/OJ1YsLMgI2MVHHsEGyrqYnbnmV1AE+Z6DnQ==",
      "requires": {
        "base64-js": "^1.3.0",
        "fast-text-encoding": "^1.0.0",
        "gaxios": "^1.2.1",
        "gcp-metadata": "^1.0.0",
        "gtoken": "^2.3.2",
        "https-proxy-agent": "^2.2.1",
        "jws": "^3.1.5",
        "lru-cache": "^5.0.0",
        "semver": "^5.5.0"
      }
    },
    "google-p12-pem": {
      "version": "1.0.4",
      "resolved": "https://registry.npmjs.org/google-p12-pem/-/google-p12-pem-1.0.4.tgz",
      "integrity": "sha512-SwLAUJqUfTB2iS+wFfSS/G9p7bt4eWcc2LyfvmUXe7cWp6p3mpxDo6LLI29MXdU6wvPcQ/up298X7GMC5ylAlA==",
      "requires": {
        "node-forge": "^0.8.0",
        "pify": "^4.0.0"
      }
    },
    "googleapis": {
      "version": "39.2.0",
      "resolved": "https://registry.npmjs.org/googleapis/-/googleapis-39.2.0.tgz",
      "integrity": "sha512-66X8TG1B33zAt177sG1CoKoYHPP/B66tEpnnSANGCqotMuY5gqSQO8G/0gqHZR2jRgc5CHSSNOJCnpI0SuDxMQ==",
      "requires": {
        "google-auth-library": "^3.0.0",
        "googleapis-common": "^0.7.0"
      }
    },
    "googleapis-common": {
      "version": "0.7.2",
      "resolved": "https://registry.npmjs.org/googleapis-common/-/googleapis-common-0.7.2.tgz",
      "integrity": "sha512-9DEJIiO4nS7nw0VE1YVkEfXEj8x8MxsuB+yZIpOBULFSN9OIKcUU8UuKgSZFU4lJmRioMfngktrbkMwWJcUhQg==",
      "requires": {
        "gaxios": "^1.2.2",
        "google-auth-library": "^3.0.0",
        "pify": "^4.0.0",
        "qs": "^6.5.2",
        "url-template": "^2.0.8",
        "uuid": "^3.2.1"
      }
    },
    "gtoken": {
      "version": "2.3.3",
      "resolved": "https://registry.npmjs.org/gtoken/-/gtoken-2.3.3.tgz",
      "integrity": "sha512-EaB49bu/TCoNeQjhCYKI/CurooBKkGxIqFHsWABW0b25fobBYVTMe84A8EBVVZhl8emiUdNypil9huMOTmyAnw==",
      "requires": {
        "gaxios": "^1.0.4",
        "google-p12-pem": "^1.0.0",
        "jws": "^3.1.5",
        "mime": "^2.2.0",
        "pify": "^4.0.0"
      }
    },
    "https-proxy-agent": {
      "version": "2.2.4",
      "resolved": "https://registry.npmjs.org/https-proxy-agent/-/https-proxy-agent-2.2.4.tgz",
      "integrity": "sha512-OmvfoQ53WLjtA9HeYP9RNrWMJzzAz1JGaSFr1nijg0PVR1JaD/xbJq1mdEIIlxGpXp9eSe/O2LgU9DJmTPd0Eg==",
      "requires": {
        "agent-base": "^4.3.0",
        "debug": "^3.1.0"
      }
    },
    "json-bigint": {
      "version": "0.3.0",
      "resolved": "https://registry.npmjs.org/json-bigint/-/json-bigint-0.3.0.tgz",
      "integrity": "sha1-DM2RLEuCcNBfBW+9E4FLU9OCWx4=",
      "requires": {
        "bignumber.js": "^7.0.0"
      }
    },
    "jwa": {
      "version": "1.4.1",
      "resolved": "https://registry.npmjs.org/jwa/-/jwa-1.4.1.tgz",
      "integrity": "sha512-qiLX/xhEEFKUAJ6FiBMbes3w9ATzyk5W7Hvzpa/SLYdxNtng+gcurvrI7TbACjIXlsJyr05/S1oUhZrc63evQA==",
      "requires": {
        "buffer-equal-constant-time": "1.0.1",
        "ecdsa-sig-formatter": "1.0.11",
        "safe-buffer": "^5.0.1"
      }
    },
    "jws": {
      "version": "3.2.2",
      "resolved": "https://registry.npmjs.org/jws/-/jws-3.2.2.tgz",
      "integrity": "sha512-YHlZCB6lMTllWDtSPHz/ZXTsi8S00usEV6v1tjq8tOUZzw7DpSDWVXjXDre6ed1w/pd495ODpHZYSdkRTsa0HA==",
      "requires": {
        "jwa": "^1.4.1",
        "safe-buffer": "^5.0.1"
      }
    },
    "lru-cache": {
      "version": "5.1.1",
      "resolved": "https://registry.npmjs.org/lru-cache/-/lru-cache-5.1.1.tgz",
      "integrity": "sha512-KpNARQA3Iwv+jTA0utUVVbrh+Jlrr1Fv0e56GGzAFOXN7dk/FviaDW8LHmK52DlcH4WP2n6gI8vN1aesBFgo9w==",
      "requires": {
        "yallist": "^3.0.2"
      }
    },
    "mime": {
      "version": "2.4.6",
      "resolved": "https://registry.npmjs.org/mime/-/mime-2.4.6.tgz",
      "integrity": "sha512-RZKhC3EmpBchfTGBVb8fb+RL2cWyw/32lshnsETttkBAyAUXSGHxbEJWWRXc751DrIxG1q04b8QwMbAwkRPpUA=="
    },
    "ms": {
      "version": "2.1.2",
      "resolved": "https://registry.npmjs.org/ms/-/ms-2.1.2.tgz",
      "integrity": "sha512-sGkPx+VjMtmA6MX27oA4FBFELFCZZ4S4XqeGOXCv68tT+jb3vk/RyaKWP0PTKyWtmLSM0b+adUTEvbs1PEaH2w=="
    },
    "node-fetch": {
      "version": "2.6.1",
      "resolved": "https://registry.npmjs.org/node-fetch/-/node-fetch-2.6.1.tgz",
      "integrity": "sha512-V4aYg89jEoVRxRb2fJdAg8FHvI7cEyYdVAh94HH0UIK8oJxUfkjlDQN9RbMx+bEjP7+ggMiFRprSti032Oipxw=="
    },
    "node-forge": {
      "version": "0.8.5",
      "resolved": "https://registry.npmjs.org/node-forge/-/node-forge-0.8.5.tgz",
      "integrity": "sha512-vFMQIWt+J/7FLNyKouZ9TazT74PRV3wgv9UT4cRjC8BffxFbKXkgIWR42URCPSnHm/QDz6BOlb2Q0U4+VQT67Q=="
    },
    "pify": {
      "version": "4.0.1",
      "resolved": "https://registry.npmjs.org/pify/-/pify-4.0.1.tgz",
      "integrity": "sha512-uB80kBFb/tfd68bVleG9T5GGsGPjJrLAUpR5PZIrhBnIaRTQRjqdJSsIKkOP6OAIFbj7GOrcudc5pNjZ+geV2g=="
    },
    "qs": {
      "version": "6.9.4",
      "resolved": "https://registry.npmjs.org/qs/-/qs-6.9.4.tgz",
      "integrity": "sha512-A1kFqHekCTM7cz0udomYUoYNWjBebHm/5wzU/XqrBRBNWectVH0QIiN+NEcZ0Dte5hvzHwbr8+XQmguPhJ6WdQ=="
    },
    "safe-buffer": {
      "version": "5.2.1",
      "resolved": "https://registry.npmjs.org/safe-buffer/-/safe-buffer-5.2.1.tgz",
      "integrity": "sha512-rp3So07KcdmmKbGvgaNxQSJr7bGVSVk5S9Eq1F+ppbRo70+YeaDxkw5Dd8NPN+GD6bjnYm2VuPuCXmpuYvmCXQ=="
    },
    "semver": {
      "version": "5.7.1",
      "resolved": "https://registry.npmjs.org/semver/-/semver-5.7.1.tgz",
      "integrity": "sha512-sauaDf/PZdVgrLTNYHRtpXa1iRiKcaebiKQ1BJdpQlWH2lCvexQdX55snPFyK7QzpudqbCI0qXFfOasHdyNDGQ=="
    },
    "url-template": {
      "version": "2.0.8",
      "resolved": "https://registry.npmjs.org/url-template/-/url-template-2.0.8.tgz",
      "integrity": "sha1-/FZaPMy/93MMd19WQflVV5FDnyE="
    },
    "uuid": {
      "version": "3.4.0",
      "resolved": "https://registry.npmjs.org/uuid/-/uuid-3.4.0.tgz",
      "integrity": "sha512-HjSDRw6gZE5JMggctHBcjVak08+KEVhSIiDzFnT9S9aegmp85S/bReBVTb4QTFaRNptJ9kuYaNhnbNEOkbKb/A=="
    },
    "yallist": {
      "version": "3.1.1",
      "resolved": "https://registry.npmjs.org/yallist/-/yallist-3.1.1.tgz",
      "integrity": "sha512-a4UGQaWPH59mOXUYnAG2ewncQS4i4F43Tv3JoAM+s2VDAmS9NsK8GpDMLrCHPksFT7h3K6TOoUNn2pb7RoXx4g=="
    }
  }
}
